// !$*UTF8*$!
{
	archiveVersion = 1;
	classes = {
	};
	objectVersion = 46;
	objects = {

/* Begin PBXBuildFile section */
		1808B1741C4575AA0036E924 /* Mockery_GeneratorTests.swift in Sources */ = {isa = PBXBuildFile; fileRef = 1808B1731C4575AA0036E924 /* Mockery_GeneratorTests.swift */; };
		1808B1A31C457B690036E924 /* SwiftXPC.framework in Frameworks */ = {isa = PBXBuildFile; fileRef = 1808B19C1C457ABD0036E924 /* SwiftXPC.framework */; };
		1808B1A41C457B690036E924 /* SwiftXPC.framework in Embed Frameworks */ = {isa = PBXBuildFile; fileRef = 1808B19C1C457ABD0036E924 /* SwiftXPC.framework */; settings = {ATTRIBUTES = (CodeSignOnCopy, RemoveHeadersOnCopy, ); }; };
		1808B1A51C457B690036E924 /* SWXMLHash.framework in Frameworks */ = {isa = PBXBuildFile; fileRef = 1808B19D1C457ABD0036E924 /* SWXMLHash.framework */; };
		1808B1A61C457B690036E924 /* SWXMLHash.framework in Embed Frameworks */ = {isa = PBXBuildFile; fileRef = 1808B19D1C457ABD0036E924 /* SWXMLHash.framework */; settings = {ATTRIBUTES = (CodeSignOnCopy, RemoveHeadersOnCopy, ); }; };
		1808B1A71C457B690036E924 /* SourceKittenFramework.framework in Frameworks */ = {isa = PBXBuildFile; fileRef = 1808B1991C457AB70036E924 /* SourceKittenFramework.framework */; };
		1808B1A81C457B690036E924 /* SourceKittenFramework.framework in Embed Frameworks */ = {isa = PBXBuildFile; fileRef = 1808B1991C457AB70036E924 /* SourceKittenFramework.framework */; settings = {ATTRIBUTES = (CodeSignOnCopy, RemoveHeadersOnCopy, ); }; };
		1808B1AB1C4581070036E924 /* main.swift in Sources */ = {isa = PBXBuildFile; fileRef = 1808B1AA1C4581070036E924 /* main.swift */; };
		18E16D481C4593F90084EF54 /* Commandant.framework in Frameworks */ = {isa = PBXBuildFile; fileRef = 18E16D461C4593F90084EF54 /* Commandant.framework */; };
		18E16D491C4593F90084EF54 /* Commandant.framework in Embed Frameworks */ = {isa = PBXBuildFile; fileRef = 18E16D461C4593F90084EF54 /* Commandant.framework */; settings = {ATTRIBUTES = (CodeSignOnCopy, RemoveHeadersOnCopy, ); }; };
		18E16D4D1C4595FF0084EF54 /* Result.framework in Frameworks */ = {isa = PBXBuildFile; fileRef = 18E16D4C1C4595FF0084EF54 /* Result.framework */; };
		18E16D4E1C4595FF0084EF54 /* Result.framework in Embed Frameworks */ = {isa = PBXBuildFile; fileRef = 18E16D4C1C4595FF0084EF54 /* Result.framework */; settings = {ATTRIBUTES = (CodeSignOnCopy, RemoveHeadersOnCopy, ); }; };
/* End PBXBuildFile section */

/* Begin PBXContainerItemProxy section */
		1808B1701C4575AA0036E924 /* PBXContainerItemProxy */ = {
			isa = PBXContainerItemProxy;
			containerPortal = 1808B1581C4575AA0036E924 /* Project object */;
			proxyType = 1;
			remoteGlobalIDString = 1808B15F1C4575AA0036E924;
			remoteInfo = "Mockery-Generator";
		};
/* End PBXContainerItemProxy section */

/* Begin PBXCopyFilesBuildPhase section */
		1808B1A91C457B690036E924 /* Embed Frameworks */ = {
			isa = PBXCopyFilesBuildPhase;
			buildActionMask = 2147483647;
			dstPath = "";
			dstSubfolderSpec = 10;
			files = (
				1808B1A61C457B690036E924 /* SWXMLHash.framework in Embed Frameworks */,
				1808B1A81C457B690036E924 /* SourceKittenFramework.framework in Embed Frameworks */,
				18E16D4E1C4595FF0084EF54 /* Result.framework in Embed Frameworks */,
				18E16D491C4593F90084EF54 /* Commandant.framework in Embed Frameworks */,
				1808B1A41C457B690036E924 /* SwiftXPC.framework in Embed Frameworks */,
			);
			name = "Embed Frameworks";
			runOnlyForDeploymentPostprocessing = 0;
		};
/* End PBXCopyFilesBuildPhase section */

/* Begin PBXFileReference section */
		1808B1601C4575AA0036E924 /* Mockery-Generator.app */ = {isa = PBXFileReference; explicitFileType = wrapper.application; includeInIndex = 0; path = "Mockery-Generator.app"; sourceTree = BUILT_PRODUCTS_DIR; };
		1808B16A1C4575AA0036E924 /* Info.plist */ = {isa = PBXFileReference; lastKnownFileType = text.plist.xml; path = Info.plist; sourceTree = "<group>"; };
		1808B16F1C4575AA0036E924 /* Mockery-GeneratorTests.xctest */ = {isa = PBXFileReference; explicitFileType = wrapper.cfbundle; includeInIndex = 0; path = "Mockery-GeneratorTests.xctest"; sourceTree = BUILT_PRODUCTS_DIR; };
		1808B1731C4575AA0036E924 /* Mockery_GeneratorTests.swift */ = {isa = PBXFileReference; lastKnownFileType = sourcecode.swift; path = Mockery_GeneratorTests.swift; sourceTree = "<group>"; };
		1808B1751C4575AA0036E924 /* Info.plist */ = {isa = PBXFileReference; lastKnownFileType = text.plist.xml; path = Info.plist; sourceTree = "<group>"; };
		1808B1991C457AB70036E924 /* SourceKittenFramework.framework */ = {isa = PBXFileReference; lastKnownFileType = wrapper.framework; name = SourceKittenFramework.framework; path = Carthage/Build/Mac/SourceKittenFramework.framework; sourceTree = "<group>"; };
		1808B19C1C457ABD0036E924 /* SwiftXPC.framework */ = {isa = PBXFileReference; lastKnownFileType = wrapper.framework; name = SwiftXPC.framework; path = Carthage/Build/Mac/SwiftXPC.framework; sourceTree = "<group>"; };
		1808B19D1C457ABD0036E924 /* SWXMLHash.framework */ = {isa = PBXFileReference; lastKnownFileType = wrapper.framework; name = SWXMLHash.framework; path = Carthage/Build/Mac/SWXMLHash.framework; sourceTree = "<group>"; };
		1808B1AA1C4581070036E924 /* main.swift */ = {isa = PBXFileReference; fileEncoding = 4; lastKnownFileType = sourcecode.swift; path = main.swift; sourceTree = "<group>"; };
		18E16D461C4593F90084EF54 /* Commandant.framework */ = {isa = PBXFileReference; lastKnownFileType = wrapper.framework; name = Commandant.framework; path = Carthage/Build/Mac/Commandant.framework; sourceTree = "<group>"; };
		18E16D4C1C4595FF0084EF54 /* Result.framework */ = {isa = PBXFileReference; lastKnownFileType = wrapper.framework; name = Result.framework; path = Carthage/Build/Mac/Result.framework; sourceTree = "<group>"; };
/* End PBXFileReference section */

/* Begin PBXFrameworksBuildPhase section */
		1808B15D1C4575AA0036E924 /* Frameworks */ = {
			isa = PBXFrameworksBuildPhase;
			buildActionMask = 2147483647;
			files = (
				1808B1A51C457B690036E924 /* SWXMLHash.framework in Frameworks */,
				1808B1A71C457B690036E924 /* SourceKittenFramework.framework in Frameworks */,
				18E16D4D1C4595FF0084EF54 /* Result.framework in Frameworks */,
				18E16D481C4593F90084EF54 /* Commandant.framework in Frameworks */,
				1808B1A31C457B690036E924 /* SwiftXPC.framework in Frameworks */,
			);
			runOnlyForDeploymentPostprocessing = 0;
		};
		1808B16C1C4575AA0036E924 /* Frameworks */ = {
			isa = PBXFrameworksBuildPhase;
			buildActionMask = 2147483647;
			files = (
			);
			runOnlyForDeploymentPostprocessing = 0;
		};
/* End PBXFrameworksBuildPhase section */

/* Begin PBXGroup section */
		1808B1571C4575AA0036E924 = {
			isa = PBXGroup;
			children = (
				18E16D4C1C4595FF0084EF54 /* Result.framework */,
				1808B1A21C457B160036E924 /* Frameworks */,
				1808B1621C4575AA0036E924 /* Mockery-Generator */,
				1808B1721C4575AA0036E924 /* Mockery-GeneratorTests */,
				1808B1611C4575AA0036E924 /* Products */,
			);
			sourceTree = "<group>";
		};
		1808B1611C4575AA0036E924 /* Products */ = {
			isa = PBXGroup;
			children = (
				1808B1601C4575AA0036E924 /* Mockery-Generator.app */,
				1808B16F1C4575AA0036E924 /* Mockery-GeneratorTests.xctest */,
			);
			name = Products;
			sourceTree = "<group>";
		};
		1808B1621C4575AA0036E924 /* Mockery-Generator */ = {
			isa = PBXGroup;
			children = (
				1808B1AA1C4581070036E924 /* main.swift */,
				1808B16A1C4575AA0036E924 /* Info.plist */,
			);
			path = "Mockery-Generator";
			sourceTree = "<group>";
		};
		1808B1721C4575AA0036E924 /* Mockery-GeneratorTests */ = {
			isa = PBXGroup;
			children = (
				1808B1731C4575AA0036E924 /* Mockery_GeneratorTests.swift */,
				1808B1751C4575AA0036E924 /* Info.plist */,
			);
			path = "Mockery-GeneratorTests";
			sourceTree = "<group>";
		};
		1808B1A21C457B160036E924 /* Frameworks */ = {
			isa = PBXGroup;
			children = (
				18E16D461C4593F90084EF54 /* Commandant.framework */,
				1808B19C1C457ABD0036E924 /* SwiftXPC.framework */,
				1808B19D1C457ABD0036E924 /* SWXMLHash.framework */,
				1808B1991C457AB70036E924 /* SourceKittenFramework.framework */,
			);
			name = Frameworks;
			sourceTree = "<group>";
		};
/* End PBXGroup section */

/* Begin PBXNativeTarget section */
		1808B15F1C4575AA0036E924 /* Mockery-Generator */ = {
			isa = PBXNativeTarget;
			buildConfigurationList = 1808B1781C4575AA0036E924 /* Build configuration list for PBXNativeTarget "Mockery-Generator" */;
			buildPhases = (
				1808B15C1C4575AA0036E924 /* Sources */,
				1808B15D1C4575AA0036E924 /* Frameworks */,
				1808B15E1C4575AA0036E924 /* Resources */,
				1808B1A91C457B690036E924 /* Embed Frameworks */,
			);
			buildRules = (
			);
			dependencies = (
			);
			name = "Mockery-Generator";
			productName = "Mockery-Generator";
			productReference = 1808B1601C4575AA0036E924 /* Mockery-Generator.app */;
			productType = "com.apple.product-type.application";
		};
		1808B16E1C4575AA0036E924 /* Mockery-GeneratorTests */ = {
			isa = PBXNativeTarget;
			buildConfigurationList = 1808B17B1C4575AA0036E924 /* Build configuration list for PBXNativeTarget "Mockery-GeneratorTests" */;
			buildPhases = (
				1808B16B1C4575AA0036E924 /* Sources */,
				1808B16C1C4575AA0036E924 /* Frameworks */,
				1808B16D1C4575AA0036E924 /* Resources */,
			);
			buildRules = (
			);
			dependencies = (
				1808B1711C4575AA0036E924 /* PBXTargetDependency */,
			);
			name = "Mockery-GeneratorTests";
			productName = "Mockery-GeneratorTests";
			productReference = 1808B16F1C4575AA0036E924 /* Mockery-GeneratorTests.xctest */;
			productType = "com.apple.product-type.bundle.unit-test";
		};
/* End PBXNativeTarget section */

/* Begin PBXProject section */
		1808B1581C4575AA0036E924 /* Project object */ = {
			isa = PBXProject;
			attributes = {
				LastSwiftUpdateCheck = 0720;
				LastUpgradeCheck = 0720;
				ORGANIZATIONNAME = Brightify;
				TargetAttributes = {
					1808B15F1C4575AA0036E924 = {
						CreatedOnToolsVersion = 7.2;
					};
					1808B16E1C4575AA0036E924 = {
						CreatedOnToolsVersion = 7.2;
						TestTargetID = 1808B15F1C4575AA0036E924;
					};
				};
			};
			buildConfigurationList = 1808B15B1C4575AA0036E924 /* Build configuration list for PBXProject "Mockery-Generator" */;
			compatibilityVersion = "Xcode 3.2";
			developmentRegion = English;
			hasScannedForEncodings = 0;
			knownRegions = (
				en,
				Base,
			);
			mainGroup = 1808B1571C4575AA0036E924;
			productRefGroup = 1808B1611C4575AA0036E924 /* Products */;
			projectDirPath = "";
			projectRoot = "";
			targets = (
				1808B15F1C4575AA0036E924 /* Mockery-Generator */,
				1808B16E1C4575AA0036E924 /* Mockery-GeneratorTests */,
			);
		};
/* End PBXProject section */

/* Begin PBXResourcesBuildPhase section */
		1808B15E1C4575AA0036E924 /* Resources */ = {
			isa = PBXResourcesBuildPhase;
			buildActionMask = 2147483647;
			files = (
			);
			runOnlyForDeploymentPostprocessing = 0;
		};
		1808B16D1C4575AA0036E924 /* Resources */ = {
			isa = PBXResourcesBuildPhase;
			buildActionMask = 2147483647;
			files = (
			);
			runOnlyForDeploymentPostprocessing = 0;
		};
/* End PBXResourcesBuildPhase section */

/* Begin PBXSourcesBuildPhase section */
		1808B15C1C4575AA0036E924 /* Sources */ = {
			isa = PBXSourcesBuildPhase;
			buildActionMask = 2147483647;
			files = (
				1808B1AB1C4581070036E924 /* main.swift in Sources */,
			);
			runOnlyForDeploymentPostprocessing = 0;
		};
		1808B16B1C4575AA0036E924 /* Sources */ = {
			isa = PBXSourcesBuildPhase;
			buildActionMask = 2147483647;
			files = (
				1808B1741C4575AA0036E924 /* Mockery_GeneratorTests.swift in Sources */,
			);
			runOnlyForDeploymentPostprocessing = 0;
		};
/* End PBXSourcesBuildPhase section */

/* Begin PBXTargetDependency section */
		1808B1711C4575AA0036E924 /* PBXTargetDependency */ = {
			isa = PBXTargetDependency;
			target = 1808B15F1C4575AA0036E924 /* Mockery-Generator */;
			targetProxy = 1808B1701C4575AA0036E924 /* PBXContainerItemProxy */;
		};
/* End PBXTargetDependency section */

/* Begin XCBuildConfiguration section */
		1808B1761C4575AA0036E924 /* Debug */ = {
			isa = XCBuildConfiguration;
			buildSettings = {
				ALWAYS_SEARCH_USER_PATHS = NO;
				CLANG_CXX_LANGUAGE_STANDARD = "gnu++0x";
				CLANG_CXX_LIBRARY = "libc++";
				CLANG_ENABLE_MODULES = YES;
				CLANG_ENABLE_OBJC_ARC = YES;
				CLANG_WARN_BOOL_CONVERSION = YES;
				CLANG_WARN_CONSTANT_CONVERSION = YES;
				CLANG_WARN_DIRECT_OBJC_ISA_USAGE = YES_ERROR;
				CLANG_WARN_EMPTY_BODY = YES;
				CLANG_WARN_ENUM_CONVERSION = YES;
				CLANG_WARN_INT_CONVERSION = YES;
				CLANG_WARN_OBJC_ROOT_CLASS = YES_ERROR;
				CLANG_WARN_UNREACHABLE_CODE = YES;
				CLANG_WARN__DUPLICATE_METHOD_MATCH = YES;
				CODE_SIGN_IDENTITY = "-";
				COPY_PHASE_STRIP = NO;
				DEBUG_INFORMATION_FORMAT = dwarf;
				ENABLE_STRICT_OBJC_MSGSEND = YES;
				ENABLE_TESTABILITY = YES;
				GCC_C_LANGUAGE_STANDARD = gnu99;
				GCC_DYNAMIC_NO_PIC = NO;
				GCC_NO_COMMON_BLOCKS = YES;
				GCC_OPTIMIZATION_LEVEL = 0;
				GCC_PREPROCESSOR_DEFINITIONS = (
					"DEBUG=1",
					"$(inherited)",
				);
				GCC_WARN_64_TO_32_BIT_CONVERSION = YES;
				GCC_WARN_ABOUT_RETURN_TYPE = YES_ERROR;
				GCC_WARN_UNDECLARED_SELECTOR = YES;
				GCC_WARN_UNINITIALIZED_AUTOS = YES_AGGRESSIVE;
				GCC_WARN_UNUSED_FUNCTION = YES;
				GCC_WARN_UNUSED_VARIABLE = YES;
				LD_RUNPATH_SEARCH_PATHS = "@executable_path/../Frameworks";
				MACOSX_DEPLOYMENT_TARGET = 10.11;
				MTL_ENABLE_DEBUG_INFO = YES;
				ONLY_ACTIVE_ARCH = YES;
				SDKROOT = macosx;
				SWIFT_OPTIMIZATION_LEVEL = "-Onone";
			};
			name = Debug;
		};
		1808B1771C4575AA0036E924 /* Release */ = {
			isa = XCBuildConfiguration;
			buildSettings = {
				ALWAYS_SEARCH_USER_PATHS = NO;
				CLANG_CXX_LANGUAGE_STANDARD = "gnu++0x";
				CLANG_CXX_LIBRARY = "libc++";
				CLANG_ENABLE_MODULES = YES;
				CLANG_ENABLE_OBJC_ARC = YES;
				CLANG_WARN_BOOL_CONVERSION = YES;
				CLANG_WARN_CONSTANT_CONVERSION = YES;
				CLANG_WARN_DIRECT_OBJC_ISA_USAGE = YES_ERROR;
				CLANG_WARN_EMPTY_BODY = YES;
				CLANG_WARN_ENUM_CONVERSION = YES;
				CLANG_WARN_INT_CONVERSION = YES;
				CLANG_WARN_OBJC_ROOT_CLASS = YES_ERROR;
				CLANG_WARN_UNREACHABLE_CODE = YES;
				CLANG_WARN__DUPLICATE_METHOD_MATCH = YES;
				CODE_SIGN_IDENTITY = "-";
				COPY_PHASE_STRIP = NO;
				DEBUG_INFORMATION_FORMAT = "dwarf-with-dsym";
				ENABLE_NS_ASSERTIONS = NO;
				ENABLE_STRICT_OBJC_MSGSEND = YES;
				GCC_C_LANGUAGE_STANDARD = gnu99;
				GCC_NO_COMMON_BLOCKS = YES;
				GCC_WARN_64_TO_32_BIT_CONVERSION = YES;
				GCC_WARN_ABOUT_RETURN_TYPE = YES_ERROR;
				GCC_WARN_UNDECLARED_SELECTOR = YES;
				GCC_WARN_UNINITIALIZED_AUTOS = YES_AGGRESSIVE;
				GCC_WARN_UNUSED_FUNCTION = YES;
				GCC_WARN_UNUSED_VARIABLE = YES;
				LD_RUNPATH_SEARCH_PATHS = "@executable_path/../Frameworks";
				MACOSX_DEPLOYMENT_TARGET = 10.11;
				MTL_ENABLE_DEBUG_INFO = NO;
				SDKROOT = macosx;
			};
			name = Release;
		};
		1808B1791C4575AA0036E924 /* Debug */ = {
			isa = XCBuildConfiguration;
			buildSettings = {
				CLANG_ENABLE_MODULES = YES;
				COMBINE_HIDPI_IMAGES = YES;
				FRAMEWORK_SEARCH_PATHS = (
					"$(inherit)",
					"$(SRCROOT)",
					"@executable_path/../Frameworks",
					"$(PROJECT_DIR)/Carthage/Build/Mac",
				);
				INFOPLIST_FILE = "Mockery-Generator/Info.plist";
				LD_RUNPATH_SEARCH_PATHS = "$(inherited) @executable_path @executable_path/../Carthage/Build/Mac/ @executable_path/../Frameworks";
				OTHER_CODE_SIGN_FLAGS = "--deep";
				OTHER_LDFLAGS = "-F../Carthage/Build/Mac";
				PRODUCT_BUNDLE_IDENTIFIER = "org.brightify.Mockery-Generator";
				PRODUCT_NAME = "$(TARGET_NAME)";
				SWIFT_OPTIMIZATION_LEVEL = "-Onone";
			};
			name = Debug;
		};
		1808B17A1C4575AA0036E924 /* Release */ = {
			isa = XCBuildConfiguration;
			buildSettings = {
				CLANG_ENABLE_MODULES = YES;
				COMBINE_HIDPI_IMAGES = YES;
				FRAMEWORK_SEARCH_PATHS = (
					"$(inherit)",
					"$(SRCROOT)",
					"@executable_path/../Frameworks",
					"$(PROJECT_DIR)/Carthage/Build/Mac",
				);
				INFOPLIST_FILE = "Mockery-Generator/Info.plist";
				LD_RUNPATH_SEARCH_PATHS = "$(inherited) @executable_path @executable_path/../Carthage/Build/Mac/ @executable_path/../Frameworks";
				OTHER_CODE_SIGN_FLAGS = "--deep";
				OTHER_LDFLAGS = "-F../Carthage/Build/Mac";
				PRODUCT_BUNDLE_IDENTIFIER = "org.brightify.Mockery-Generator";
				PRODUCT_NAME = "$(TARGET_NAME)";
			};
			name = Release;
		};
		1808B17C1C4575AA0036E924 /* Debug */ = {
			isa = XCBuildConfiguration;
			buildSettings = {
				BUNDLE_LOADER = "$(TEST_HOST)";
				COMBINE_HIDPI_IMAGES = YES;
				INFOPLIST_FILE = "Mockery-GeneratorTests/Info.plist";
				LD_RUNPATH_SEARCH_PATHS = "$(inherited) @executable_path/../Frameworks @loader_path/../Frameworks";
				PRODUCT_BUNDLE_IDENTIFIER = "org.brightify.Mockery-GeneratorTests";
				PRODUCT_NAME = "$(TARGET_NAME)";
				TEST_HOST = "$(BUILT_PRODUCTS_DIR)/Mockery-Generator.app/Contents/MacOS/Mockery-Generator";
			};
			name = Debug;
		};
		1808B17D1C4575AA0036E924 /* Release */ = {
			isa = XCBuildConfiguration;
			buildSettings = {
				BUNDLE_LOADER = "$(TEST_HOST)";
				COMBINE_HIDPI_IMAGES = YES;
				INFOPLIST_FILE = "Mockery-GeneratorTests/Info.plist";
				LD_RUNPATH_SEARCH_PATHS = "$(inherited) @executable_path/../Frameworks @loader_path/../Frameworks";
				PRODUCT_BUNDLE_IDENTIFIER = "org.brightify.Mockery-GeneratorTests";
				PRODUCT_NAME = "$(TARGET_NAME)";
				TEST_HOST = "$(BUILT_PRODUCTS_DIR)/Mockery-Generator.app/Contents/MacOS/Mockery-Generator";
			};
			name = Release;
		};
/* End XCBuildConfiguration section */

/* Begin XCConfigurationList section */
		1808B15B1C4575AA0036E924 /* Build configuration list for PBXProject "Mockery-Generator" */ = {
			isa = XCConfigurationList;
			buildConfigurations = (
				1808B1761C4575AA0036E924 /* Debug */,
				1808B1771C4575AA0036E924 /* Release */,
			);
			defaultConfigurationIsVisible = 0;
			defaultConfigurationName = Release;
		};
		1808B1781C4575AA0036E924 /* Build configuration list for PBXNativeTarget "Mockery-Generator" */ = {
			isa = XCConfigurationList;
			buildConfigurations = (
				1808B1791C4575AA0036E924 /* Debug */,
				1808B17A1C4575AA0036E924 /* Release */,
			);
			defaultConfigurationIsVisible = 0;
			defaultConfigurationName = Release;
		};
		1808B17B1C4575AA0036E924 /* Build configuration list for PBXNativeTarget "Mockery-GeneratorTests" */ = {
			isa = XCConfigurationList;
			buildConfigurations = (
				1808B17C1C4575AA0036E924 /* Debug */,
				1808B17D1C4575AA0036E924 /* Release */,
			);
			defaultConfigurationIsVisible = 0;
			defaultConfigurationName = Release;
		};
/* End XCConfigurationList section */
	};
	rootObject = 1808B1581C4575AA0036E924 /* Project object */;
}
